
Microsoft Visual Studio Solution File, Format Version 12.00
# Visual Studio 15
VisualStudioVersion = 15.0.28307.106
MinimumVisualStudioVersion = 10.0.40219.1
Project("{FAE04EC0-301F-11D3-BF4B-00C04F79EFBC}") = "DataEntryProject", "DataEntryProject\DataEntryProject.csproj", "{8D259DD5-7778-455C-8C07-7522E2346D5B}"
EndProject
Global
	GlobalSection(SolutionConfigurationPlatforms) = preSolution
		Debug|Any CPU = Debug|Any CPU
		Release|Any CPU = Release|Any CPU
	EndGlobalSection
	GlobalSection(ProjectConfigurationPlatforms) = postSolution
		{8D259DD5-7778-455C-8C07-7522E2346D5B}.Debug|Any CPU.ActiveCfg = Debug|Any CPU
		{8D259DD5-7778-455C-8C07-7522E2346D5B}.Debug|Any CPU.Build.0 = Debug|Any CPU
		{8D259DD5-7778-455C-8C07-7522E2346D5B}.Release|Any CPU.ActiveCfg = Release|Any CPU
		{8D259DD5-7778-455C-8C07-7522E2346D5B}.Release|Any CPU.Build.0 = Release|Any CPU
	EndGlobalSection
	GlobalSection(SolutionProperties) = preSolution
		HideSolutionNode = FALSE
	EndGlobalSection
	GlobalSection(ExtensibilityGlobals) = postSolution
		SolutionGuid = {5BBFA7D1-91BE-4F76-A70A-837DF3DB2F92}
	EndGlobalSection
EndGlobal
